
Microsoft Visual Studio Solution File, Format Version 12.00
# Visual Studio Version 16
VisualStudioVersion = 16.0.30011.22
MinimumVisualStudioVersion = 10.0.40219.1
Project("{9A19103F-16F7-4668-BE54-9A1E7A4F7556}") = "RoomMicroservice", "RoomMicroservice.csproj", "{46731F02-76C7-4811-A84E-8AF25004736D}"
EndProject
Project("{2150E333-8FDC-42A3-9474-1A3956D46DE8}") = "Solution Items", "Solution Items", "{81B2736A-4DD2-423B-A76A-E24E08805567}"
	ProjectSection(SolutionItems) = preProject
		Graph1.dgml = Graph1.dgml
	EndProjectSection
EndProject
Global
	GlobalSection(SolutionConfigurationPlatforms) = preSolution
		Debug|Any CPU = Debug|Any CPU
		Release|Any CPU = Release|Any CPU
	EndGlobalSection
	GlobalSection(ProjectConfigurationPlatforms) = postSolution
		{46731F02-76C7-4811-A84E-8AF25004736D}.Debug|Any CPU.ActiveCfg = Debug|Any CPU
		{46731F02-76C7-4811-A84E-8AF25004736D}.Debug|Any CPU.Build.0 = Debug|Any CPU
		{46731F02-76C7-4811-A84E-8AF25004736D}.Release|Any CPU.ActiveCfg = Release|Any CPU
		{46731F02-76C7-4811-A84E-8AF25004736D}.Release|Any CPU.Build.0 = Release|Any CPU
	EndGlobalSection
	GlobalSection(SolutionProperties) = preSolution
		HideSolutionNode = FALSE
	EndGlobalSection
	GlobalSection(ExtensibilityGlobals) = postSolution
		SolutionGuid = {F41DC690-2E23-4E6E-B32F-5B880CFA9417}
	EndGlobalSection
EndGlobal
